github.com/arsham/rainbow v1.0.0 h1:S9aQh649hWg33rXc7BJ8At9dM2pUd5JP0p62rIwZQjw=
github.com/arsham/rainbow v1.0.0/go.mod h1:1cTABkFmZGSPWVy2t1WYgudYzi/f6sDItjSO9KPBAsA=
github.com/arsham/strings v0.0.0-20181015215346-d1b453ead28d h1:bAHn/hnBltauPNYVeN/vJ00yucjAxDRhfgHY3wLvN0w=
github.com/arsham/strings v0.0.0-20181015215346-d1b453ead28d/go.mod h1:/EE+i8AExfuc9Ti0k/f2ehdNgGuCruMYeeJ0Mw8MZjg=
github.com/spf13/pflag v1.0.5 h1:iy+VFUOCP1a+8yFto/drg2CJ5u0yRoB7fZw3DKv/JXA=
github.com/spf13/pflag v1.0.5/go.mod h1:McXfInJRrz4CZXVZOBLb0bTZqETkiAhM9Iw0y3An2Bg=
golang.org/x/sys v0.5.0 h1:MUK/U/4lj1t1oPg0HfuXDN/Z1wv31ZJ/YcPiGccS4DU=
golang.org/x/sys v0.5.0/go.mod h1:oPkhp1MJrh7nUepCBck5+mAzfO9JrbApNNgaTdGDITg=
